
Microsoft Visual Studio Solution File, Format Version 12.00
# Visual Studio Version 17
VisualStudioVersion = 17.3.32922.545
MinimumVisualStudioVersion = 10.0.40219.1
Project("{8BC9CEB8-8B4A-11D0-8D11-00A0C91BC942}") = "Test", "Test\Test.vcxproj", "{0694EF89-AAD1-44CF-B9DE-B781A572F1A2}"
EndProject
Global
	GlobalSection(SolutionConfigurationPlatforms) = preSolution
		Debug|x64 = Debug|x64
		Debug|x86 = Debug|x86
		Release|x64 = Release|x64
		Release|x86 = Release|x86
	EndGlobalSection
	GlobalSection(ProjectConfigurationPlatforms) = postSolution
		{0694EF89-AAD1-44CF-B9DE-B781A572F1A2}.Debug|x64.ActiveCfg = Debug|x64
		{0694EF89-AAD1-44CF-B9DE-B781A572F1A2}.Debug|x64.Build.0 = Debug|x64
		{0694EF89-AAD1-44CF-B9DE-B781A572F1A2}.Debug|x86.ActiveCfg = Debug|Win32
		{0694EF89-AAD1-44CF-B9DE-B781A572F1A2}.Debug|x86.Build.0 = Debug|Win32
		{0694EF89-AAD1-44CF-B9DE-B781A572F1A2}.Release|x64.ActiveCfg = Release|x64
		{0694EF89-AAD1-44CF-B9DE-B781A572F1A2}.Release|x64.Build.0 = Release|x64
		{0694EF89-AAD1-44CF-B9DE-B781A572F1A2}.Release|x86.ActiveCfg = Release|Win32
		{0694EF89-AAD1-44CF-B9DE-B781A572F1A2}.Release|x86.Build.0 = Release|Win32
	EndGlobalSection
	GlobalSection(SolutionProperties) = preSolution
		HideSolutionNode = FALSE
	EndGlobalSection
	GlobalSection(ExtensibilityGlobals) = postSolution
		SolutionGuid = {6417FF5C-8D8B-446F-8C02-790BA765B456}
	EndGlobalSection
EndGlobal
